<?xml version="1.0" encoding="UTF-8" standalone="yes" ?>
<CodeBlocks_project_file>
	<FileVersion major="1" minor="6" />
	<Project>
		<Option title="ballEngine" />
		<Option pch_mode="2" />
		<Option compiler="gcc" />
		<Build>
			<Target title="Debug">
				<Option output="bin/Debug/ballEngine" prefix_auto="1" extension_auto="1" />
				<Option object_output="obj/Debug/" />
				<Option type="1" />
				<Option compiler="gcc" />
				<Compiler>
					<Add option="-std=c++14" />
					<Add option="-g" />
				</Compiler>
				<Linker>
					<Add library="InverseKinematics" />
					<Add library="sfml-graphics" />
					<Add library="sfml-window" />
					<Add library="sfml-system" />
				</Linker>
			</Target>
			<Target title="Release">
				<Option output="bin/Release/ballEngine" prefix_auto="1" extension_auto="1" />
				<Option object_output="obj/Release/" />
				<Option type="0" />
				<Option compiler="gcc" />
				<Compiler>
					<Add option="-O2" />
					<Add option="-std=c++14" />
					<Add option="-DSFML_STATIC" />
				</Compiler>
				<Linker>
					<Add option="-s" />
					<Add option="-static-libstdc++" />
					<Add option="-static-libgcc" />
					<Add option="-static" />
					<Add library="libInverseKinematics" />
					<Add library="sfml-graphics-s" />
					<Add library="sfml-window-s" />
					<Add library="sfml-system-s" />
					<Add library="winmm" />
					<Add library="opengl32" />
					<Add library="gdi32" />
					<Add library="freetype" />
					<Add library="jpeg" />
				</Linker>
			</Target>
			<Target title="Profiler">
				<Option output="bin/Profiler/ballEngine" prefix_auto="1" extension_auto="1" />
				<Option object_output="obj/Profiler/" />
				<Option type="1" />
				<Option compiler="gcc" />
				<Compiler>
					<Add option="-std=c++14" />
					<Add option="-pg" />
					<Add option="-g" />
				</Compiler>
				<Linker>
					<Add option="-pg -lgmon" />
					<Add library="sfml-graphics" />
					<Add library="sfml-window" />
					<Add library="sfml-system" />
					<Add library="InverseKinematics" />
				</Linker>
			</Target>
		</Build>
		<Compiler>
			<Add option="-Wshadow" />
			<Add option="-Winit-self" />
			<Add option="-Wredundant-decls" />
			<Add option="-Wcast-align" />
			<Add option="-Wfloat-equal" />
			<Add option="-Wunreachable-code" />
			<Add option="-Wmissing-include-dirs" />
			<Add option="-pedantic-errors" />
			<Add option="-pedantic" />
			<Add option="-Wall" />
			<Add option="-std=c++14" />
			<Add option="-fexceptions" />
			<Add directory="C:/Program Files/CodeBlocks/SFML-2.4.2/include" />
			<Add directory="headers" />
			<Add directory="I:/Users/Marcus/My Documents/Github/InverseKinematics/headers" />
			<Add directory="../ParticleSystem" />
			<Add directory="../ConvexDecomposition/src/" />
			<Add directory="../VerticesFromBitmap/include/" />
		</Compiler>
		<Linker>
			<Add directory="C:/Program Files/CodeBlocks/SFML-2.4.2/lib" />
			<Add directory="headers" />
			<Add directory="I:/Users/Marcus/My Documents/Github/InverseKinematics/bin/Release" />
		</Linker>
		<Unit filename="extern/json.hpp" />
		<Unit filename="headers/GJK.h" />
		<Unit filename="headers/LevelCreator.h" />
		<Unit filename="headers/Math.h" />
		<Unit filename="headers/Observer.h" />
		<Unit filename="headers/ParticleSourceWrap.h" />
		<Unit filename="headers/ParticleSystemManager.h" />
		<Unit filename="headers/VertFromBitmapWrap.h" />
		<Unit filename="headers/baseObject.h" />
		<Unit filename="headers/characterWorldInterface.h" />
		<Unit filename="headers/class2DMatrix.h" />
		<Unit filename="headers/classAABB.h" />
		<Unit filename="headers/classArbiter.h" />
		<Unit filename="headers/classBall.h" />
		<Unit filename="headers/classCapsule.h" />
		<Unit filename="headers/classCharacter.h" />
		<Unit filename="headers/classCharacterManager.h" />
		<Unit filename="headers/classCharacterState.h" />
		<Unit filename="headers/classConcavePolygonWrap.h" />
		<Unit filename="headers/classEquipable.h" />
		<Unit filename="headers/classGameObject.h" />
		<Unit filename="headers/classGameObjectEditor.h" />
		<Unit filename="headers/classGameObjectManager.h" />
		<Unit filename="headers/classGameScene.h" />
		<Unit filename="headers/classInventory.h" />
		<Unit filename="headers/classJoint.h" />
		<Unit filename="headers/classJointManager.h" />
		<Unit filename="headers/classKeyBinds.h" />
		<Unit filename="headers/classLight.h" />
		<Unit filename="headers/classMainMenuScene.h" />
		<Unit filename="headers/classMenuScene.h" />
		<Unit filename="headers/classOBB.h" />
		<Unit filename="headers/classPauseMenuScene.h" />
		<Unit filename="headers/classPhysicsObject.h" />
		<Unit filename="headers/classPolygon.h" />
		<Unit filename="headers/classPolygonTriangulator.h" />
		<Unit filename="headers/classProjectileComponent.h" />
		<Unit filename="headers/classProjectileWeapon.h" />
		<Unit filename="headers/classRenderable.h" />
		<Unit filename="headers/classRenderer.h" />
		<Unit filename="headers/classSandboxScene.h" />
		<Unit filename="headers/classScene.h" />
		<Unit filename="headers/classSceneManager.h" />
		<Unit filename="headers/classSkeleton2DManager.h" />
		<Unit filename="headers/classSkeleton2DWrap.h" />
		<Unit filename="headers/classSurvivalScene.h" />
		<Unit filename="headers/classTextElement.h" />
		<Unit filename="headers/classUIButton.h" />
		<Unit filename="headers/classUIContainer.h" />
		<Unit filename="headers/classUIGroup.h" />
		<Unit filename="headers/classUISlider.h" />
		<Unit filename="headers/classUIWindow.h" />
		<Unit filename="headers/classUniverse.h" />
		<Unit filename="headers/collisionDetection.h" />
		<Unit filename="headers/constraintSolver.h" />
		<Unit filename="headers/contactData.h" />
		<Unit filename="headers/forces.h" />
		<Unit filename="headers/integrators.h" />
		<Unit filename="headers/jsonParsing.h" />
		<Unit filename="headers/lightingEngine.h" />
		<Unit filename="headers/resourceManager.h" />
		<Unit filename="headers/sceneEnums.h" />
		<Unit filename="headers/sort.h" />
		<Unit filename="headers/stringConversion.h" />
		<Unit filename="headers/structs.h" />
		<Unit filename="headers/windowManager.h" />
		<Unit filename="main.cpp" />
		<Unit filename="res/shaders/default.frag" />
		<Unit filename="res/shaders/light.frag" />
		<Unit filename="res/shaders/phong.frag" />
		<Unit filename="res/shaders/phong.vert" />
		<Unit filename="res/shaders/test.frag" />
		<Unit filename="res/shaders/test.geom" />
		<Unit filename="res/shaders/test.vert" />
		<Unit filename="res/shaders/umbralgen.frag" />
		<Unit filename="res/shaders/umbralgen.geom" />
		<Unit filename="res/shaders/umbralgen.vert" />
		<Unit filename="source/Animation/Skeleton2D/classSkeleton2DManager.cpp" />
		<Unit filename="source/Animation/Skeleton2D/classSkeleton2DWrap.cpp" />
		<Unit filename="source/Events/classGameScene.cpp" />
		<Unit filename="source/Events/classKeyBinds.cpp" />
		<Unit filename="source/Events/classMainMenuScene.cpp" />
		<Unit filename="source/Events/classMenuScene.cpp" />
		<Unit filename="source/Events/classPauseMenuScene.cpp" />
		<Unit filename="source/Events/classSandboxScene.cpp" />
		<Unit filename="source/Events/classScene.cpp" />
		<Unit filename="source/Events/classSceneManager.cpp" />
		<Unit filename="source/Events/classSurvivalScene.cpp" />
		<Unit filename="source/Interfaces/characterWorldInterface.cpp" />
		<Unit filename="source/Miscellaneous/Math.cpp" />
		<Unit filename="source/Miscellaneous/Observer.cpp" />
		<Unit filename="source/Miscellaneous/class2DMatrix.cpp" />
		<Unit filename="source/Miscellaneous/jsonParsing.cpp" />
		<Unit filename="source/Miscellaneous/stringConversion.cpp" />
		<Unit filename="source/Miscellaneous/structs.cpp" />
		<Unit filename="source/Renderer/classLight.cpp" />
		<Unit filename="source/Renderer/classRenderable.cpp" />
		<Unit filename="source/Renderer/classRenderer.cpp" />
		<Unit filename="source/Renderer/lightingEngine.cpp" />
		<Unit filename="source/Renderer/resourceManager.cpp" />
		<Unit filename="source/Renderer/windowManager.cpp" />
		<Unit filename="source/Simulation/CollisionEngine/GJK.cpp" />
		<Unit filename="source/Simulation/CollisionEngine/classArbiter.cpp" />
		<Unit filename="source/Simulation/CollisionEngine/classJoint.cpp" />
		<Unit filename="source/Simulation/CollisionEngine/classJointManager.cpp" />
		<Unit filename="source/Simulation/CollisionEngine/collisionDetection.cpp" />
		<Unit filename="source/Simulation/CollisionEngine/collisionResolving.cpp" />
		<Unit filename="source/Simulation/CollisionEngine/constraintSolver.cpp" />
		<Unit filename="source/Simulation/CollisionEngine/contactPoints.cpp" />
		<Unit filename="source/Simulation/CollisionEngine/minkowskiMath.cpp" />
		<Unit filename="source/Simulation/CollisionEngine/penetrationTests.cpp" />
		<Unit filename="source/Simulation/CollisionEngine/rayObjectsTests.cpp" />
		<Unit filename="source/Simulation/CollisionEngine/sepAxisTests.cpp" />
		<Unit filename="source/Simulation/GameObjects/LevelCreator.cpp" />
		<Unit filename="source/Simulation/GameObjects/ParticleSourceWrap.cpp" />
		<Unit filename="source/Simulation/GameObjects/ParticleSystemManager.cpp" />
		<Unit filename="source/Simulation/GameObjects/classCharacter.cpp" />
		<Unit filename="source/Simulation/GameObjects/classCharacterManager.cpp" />
		<Unit filename="source/Simulation/GameObjects/classCharacterState.cpp" />
		<Unit filename="source/Simulation/GameObjects/classEquipable.cpp" />
		<Unit filename="source/Simulation/GameObjects/classGameObject.cpp" />
		<Unit filename="source/Simulation/GameObjects/classGameObjectEditor.cpp" />
		<Unit filename="source/Simulation/GameObjects/classGameObjectManager.cpp" />
		<Unit filename="source/Simulation/GameObjects/classInventory.cpp" />
		<Unit filename="source/Simulation/GameObjects/classProjectileComponent.cpp" />
		<Unit filename="source/Simulation/GameObjects/classProjectileWeapon.cpp" />
		<Unit filename="source/Simulation/Movement/forces.cpp" />
		<Unit filename="source/Simulation/Movement/integrators.cpp" />
		<Unit filename="source/Simulation/PhysicsObjects/classAABB.cpp" />
		<Unit filename="source/Simulation/PhysicsObjects/classBall.cpp" />
		<Unit filename="source/Simulation/PhysicsObjects/classCapsule.cpp" />
		<Unit filename="source/Simulation/PhysicsObjects/classConcavePolygonWrap.cpp" />
		<Unit filename="source/Simulation/PhysicsObjects/classOBB.cpp" />
		<Unit filename="source/Simulation/PhysicsObjects/classPhysicsObject.cpp" />
		<Unit filename="source/Simulation/PhysicsObjects/classPolygon.cpp" />
		<Unit filename="source/Simulation/classUniverse.cpp" />
		<Unit filename="source/UI/classUIButton.cpp" />
		<Unit filename="source/UI/classUIContainer.cpp" />
		<Unit filename="source/UI/classUIGroup.cpp" />
		<Unit filename="source/UI/classUISlider.cpp" />
		<Unit filename="source/UI/classUITextElement.cpp" />
		<Unit filename="source/UI/classUIWindow.cpp" />
		<Extensions>
			<code_completion />
			<envvars />
			<debugger />
			<lib_finder disable_auto="1" />
		</Extensions>
	</Project>
</CodeBlocks_project_file>
