<?xml version="1.0" encoding="UTF-8" standalone="yes" ?>
<CodeBlocks_project_file>
	<FileVersion major="1" minor="6" />
	<Project>
		<Option title="ballEngine" />
		<Option pch_mode="2" />
		<Option compiler="gcc" />
		<Build>
			<Target title="Debug">
				<Option output="bin/Debug/FirstWindow" prefix_auto="1" extension_auto="1" />
				<Option object_output="obj/Debug/" />
				<Option type="1" />
				<Option compiler="gcc" />
				<Compiler>
					<Add option="-g" />
				</Compiler>
			</Target>
			<Target title="Release">
				<Option output="bin/Release/FirstWindow" prefix_auto="1" extension_auto="1" />
				<Option object_output="obj/Release/" />
				<Option type="1" />
				<Option compiler="gcc" />
				<Compiler>
					<Add option="-O2" />
					<Add option="-pg" />
				</Compiler>
				<Linker>
					<Add option="-pg" />
				</Linker>
			</Target>
		</Build>
		<Compiler>
			<Add option="-Wall" />
			<Add option="-std=c++14" />
			<Add directory="include" />
		</Compiler>
		<ResourceCompiler>
			<Add directory="include" />
		</ResourceCompiler>
		<Linker>
			<Add directory="include" />
		</Linker>
		<Unit filename="extern/json.hpp" />
		<Unit filename="include/GJK.h" />
		<Unit filename="include/Math.h" />
		<Unit filename="include/Observer.h" />
		<Unit filename="include/baseObject.h" />
		<Unit filename="include/characterWorldInterface.h" />
		<Unit filename="include/class2DMatrix.h" />
		<Unit filename="include/classAABB.h" />
		<Unit filename="include/classArbiter.h" />
		<Unit filename="include/classBall.h" />
		<Unit filename="include/classCapsule.h" />
		<Unit filename="include/classCharacter.h" />
		<Unit filename="include/classCharacterManager.h" />
		<Unit filename="include/classEquipable.h" />
		<Unit filename="include/classGameObject.h" />
		<Unit filename="include/classGameObjectManager.h" />
		<Unit filename="include/classGameScene.h" />
		<Unit filename="include/classInventory.h" />
		<Unit filename="include/classJoint.h" />
		<Unit filename="include/classKeyBinds.h" />
		<Unit filename="include/classLight.h" />
		<Unit filename="include/classMainMenuScene.h" />
		<Unit filename="include/classMenuScene.h" />
		<Unit filename="include/classOBB.h" />
		<Unit filename="include/classPauseMenuScene.h" />
		<Unit filename="include/classPhysicsObject.h" />
		<Unit filename="include/classPolygon.h" />
		<Unit filename="include/classProjectileComponent.h" />
		<Unit filename="include/classProjectileWeapon.h" />
		<Unit filename="include/classRenderable.h" />
		<Unit filename="include/classRenderer.h" />
		<Unit filename="include/classSandboxScene.h" />
		<Unit filename="include/classScene.h" />
		<Unit filename="include/classSceneManager.h" />
		<Unit filename="include/classSurvivalScene.h" />
		<Unit filename="include/classTextElement.h" />
		<Unit filename="include/classUIButton.h" />
		<Unit filename="include/classUIContainer.h" />
		<Unit filename="include/classUIGroup.h" />
		<Unit filename="include/classUISlider.h" />
		<Unit filename="include/classUIWindow.h" />
		<Unit filename="include/classUniverse.h" />
		<Unit filename="include/collisionDetection.h" />
		<Unit filename="include/constraintSolver.h" />
		<Unit filename="include/forces.h" />
		<Unit filename="include/integrators.h" />
		<Unit filename="include/jsonParsing.h" />
		<Unit filename="include/lightingEngine.h" />
		<Unit filename="include/resourceManager.h" />
		<Unit filename="include/sceneEnums.h" />
		<Unit filename="include/stringConversion.h" />
		<Unit filename="include/structs.h" />
		<Unit filename="include/windowManager.h" />
		<Unit filename="main.cpp" />
		<Unit filename="source/Events/classGameScene.cpp" />
		<Unit filename="source/Events/classKeyBinds.cpp" />
		<Unit filename="source/Events/classMainMenuScene.cpp" />
		<Unit filename="source/Events/classMenuScene.cpp" />
		<Unit filename="source/Events/classPauseMenuScene.cpp" />
		<Unit filename="source/Events/classSandboxScene.cpp" />
		<Unit filename="source/Events/classScene.cpp" />
		<Unit filename="source/Events/classSceneManager.cpp" />
		<Unit filename="source/Events/classSurvivalScene.cpp" />
		<Unit filename="source/Interfaces/characterWorldInterface.cpp" />
		<Unit filename="source/Miscellaneous/Observer.cpp" />
		<Unit filename="source/Miscellaneous/class2DMatrix.cpp" />
		<Unit filename="source/Miscellaneous/jsonParsing.cpp" />
		<Unit filename="source/Miscellaneous/sfVectorMath.cpp" />
		<Unit filename="source/Miscellaneous/stringConversion.cpp" />
		<Unit filename="source/Miscellaneous/structs.cpp" />
		<Unit filename="source/Simulation/CollisionEngine/GJK.cpp" />
		<Unit filename="source/Simulation/CollisionEngine/classArbiter.cpp" />
		<Unit filename="source/Simulation/CollisionEngine/collisionDetection.cpp" />
		<Unit filename="source/Simulation/CollisionEngine/collisionResolving.cpp" />
		<Unit filename="source/Simulation/CollisionEngine/constraintSolver.cpp" />
		<Unit filename="source/Simulation/CollisionEngine/contactPoints.cpp" />
		<Unit filename="source/Simulation/CollisionEngine/minkowskiMath.cpp" />
		<Unit filename="source/Simulation/CollisionEngine/penetrationTests.cpp" />
		<Unit filename="source/Simulation/CollisionEngine/rayObjectsTests.cpp" />
		<Unit filename="source/Simulation/CollisionEngine/sepAxisTests.cpp" />
		<Unit filename="source/Simulation/GameObjects/classCharacter.cpp" />
		<Unit filename="source/Simulation/GameObjects/classCharacterManager.cpp" />
		<Unit filename="source/Simulation/GameObjects/classEquipable.cpp" />
		<Unit filename="source/Simulation/GameObjects/classProjectile.cpp" />
		<Unit filename="source/Simulation/GameObjects/classProjectileManager.cpp" />
		<Unit filename="source/Simulation/GameObjects/classProjectileWeapon.cpp" />
		<Unit filename="source/Simulation/Movement/forces.cpp" />
		<Unit filename="source/Simulation/Movement/integrators.cpp" />
		<Unit filename="source/Simulation/PhysicsObjects/classAABB.cpp" />
		<Unit filename="source/Simulation/PhysicsObjects/classBall.cpp" />
		<Unit filename="source/Simulation/PhysicsObjects/classCapsule.cpp" />
		<Unit filename="source/Simulation/PhysicsObjects/classOBB.cpp" />
		<Unit filename="source/Simulation/PhysicsObjects/classPhysicsObject.cpp" />
		<Unit filename="source/Simulation/PhysicsObjects/classPolygon.cpp" />
		<Unit filename="source/Simulation/classUniverse.cpp" />
		<Unit filename="source/UI/classUIButton.cpp" />
		<Unit filename="source/UI/classUIContainer.cpp" />
		<Unit filename="source/UI/classUIGroup.cpp" />
		<Unit filename="source/UI/classUISlider.cpp" />
		<Unit filename="source/UI/classUITextElement.cpp" />
		<Unit filename="source/UI/classUIWindow.cpp" />
		<Extensions>
			<code_completion />
			<debugger />
			<envvars />
		</Extensions>
	</Project>
</CodeBlocks_project_file>
