<?xml version="1.0" encoding="UTF-8" standalone="yes" ?>
<CodeBlocks_project_file>
	<FileVersion major="1" minor="6" />
	<Project>
		<Option title="ballEngine" />
		<Option pch_mode="2" />
		<Option compiler="gcc" />
		<Build>
			<Target title="Debug">
				<Option output="bin/Debug/ballEngine" prefix_auto="1" extension_auto="1" />
				<Option object_output="obj/Debug/" />
				<Option type="1" />
				<Option compiler="gcc" />
				<Compiler>
					<Add option="-g" />
				</Compiler>
				<Linker>
					<Add option="-static-libstdc++" />
					<Add option="-static-libgcc" />
					<Add library="sfml-graphics" />
					<Add library="sfml-window" />
					<Add library="sfml-system" />
				</Linker>
			</Target>
			<Target title="Release">
				<Option output="bin/Release/ballEngine" prefix_auto="1" extension_auto="1" />
				<Option object_output="obj/Release/" />
				<Option type="0" />
				<Option compiler="gcc" />
				<Compiler>
					<Add option="-O2" />
					<Add option="-DSFML_STATIC" />
				</Compiler>
				<Linker>
					<Add option="-s" />
					<Add option="-static-libstdc++" />
					<Add option="-static-libgcc" />
					<Add library="sfml-graphics-s" />
					<Add library="sfml-window-s" />
					<Add library="sfml-system-s" />
					<Add library="opengl32" />
					<Add library="winmm" />
					<Add library="gdi32" />
					<Add library="freetype" />
					<Add library="jpeg" />
				</Linker>
			</Target>
		</Build>
		<Compiler>
			<Add option="-Wall" />
			<Add option="-fexceptions" />
			<Add directory="C:/Program Files (x86)/CodeBlocks/sfml/include" />
		</Compiler>
		<Linker>
			<Add directory="C:/Program Files (x86)/CodeBlocks/sfml/lib" />
		</Linker>
		<Unit filename="headers/classBall.h" />
		<Unit filename="headers/classGameScene.h" />
		<Unit filename="headers/classScene.h" />
		<Unit filename="headers/classSceneManager.h" />
		<Unit filename="headers/classTextElement.h" />
		<Unit filename="headers/classTextElementBase.h" />
		<Unit filename="headers/classUIButton.h" />
		<Unit filename="headers/classUIContainer.h" />
		<Unit filename="headers/classUIGroup.h" />
		<Unit filename="headers/classUISlider.h" />
		<Unit filename="headers/classUIWindow.h" />
		<Unit filename="headers/classUniverse.h" />
		<Unit filename="headers/forces.h" />
		<Unit filename="headers/integrators.h" />
		<Unit filename="headers/sfVectorMath.h" />
		<Unit filename="headers/stringConversion.h" />
		<Unit filename="main.cpp" />
		<Unit filename="source/UI/classUIButton.cpp" />
		<Unit filename="source/UI/classUIContainer.cpp" />
		<Unit filename="source/UI/classUIGroup.cpp" />
		<Unit filename="source/UI/classUISlider.cpp" />
		<Unit filename="source/UI/classUITextElement.cpp" />
		<Unit filename="source/UI/classUITextElementBase.cpp" />
		<Unit filename="source/UI/classUIWindow.cpp" />
		<Unit filename="source/events/classGameScene.cpp" />
		<Unit filename="source/events/classScene.cpp" />
		<Unit filename="source/events/classSceneManager.cpp" />
		<Unit filename="source/miscellaneous/sfVectorMath.cpp" />
		<Unit filename="source/miscellaneous/stringConversion.cpp" />
		<Unit filename="source/simulation/classBall.cpp" />
		<Unit filename="source/simulation/classUniverse.cpp" />
		<Unit filename="source/simulation/forces.cpp" />
		<Unit filename="source/simulation/integrators.cpp" />
		<Extensions>
			<code_completion />
			<envvars />
			<debugger />
			<lib_finder disable_auto="1" />
		</Extensions>
	</Project>
</CodeBlocks_project_file>
